{
  "requires": true,
  "lockfileVersion": 1,
  "dependencies": {
    "three-glow-mesh": {
      "version": "0.1.2",
      "resolved": "https://registry.npmjs.org/three-glow-mesh/-/three-glow-mesh-0.1.2.tgz",
      "integrity": "sha512-sjiRl8PdRuc5xzZtaAusumx4sS/zRAYiFSQ1bNefRrJOXgu+ZHxq4/vYwRoa85PwPKLkp2SCo3Lu4JfJrphngw=="
    }
  }
}
